
Microsoft Visual Studio Solution File, Format Version 12.00
# Visual Studio Version 16
VisualStudioVersion = 16.0.37327.17
MinimumVisualStudioVersion = 10.0.40219.1
Project("{FAE04EC0-301F-11D3-BF4B-00C04F79EFBC}") = "Template_ecom", "Template_ecom.csproj", "{BAAB8A2A-8062-4A2C-A03E-BB13D9649B22}"
EndProject
Global
	GlobalSection(SolutionConfigurationPlatforms) = preSolution
		Debug|Any CPU = Debug|Any CPU
		Release|Any CPU = Release|Any CPU
	EndGlobalSection
	GlobalSection(ProjectConfigurationPlatforms) = postSolution
		{BAAB8A2A-8062-4A2C-A03E-BB13D9649B22}.Debug|Any CPU.ActiveCfg = Debug|Any CPU
		{BAAB8A2A-8062-4A2C-A03E-BB13D9649B22}.Debug|Any CPU.Build.0 = Debug|Any CPU
		{BAAB8A2A-8062-4A2C-A03E-BB13D9649B22}.Release|Any CPU.ActiveCfg = Release|Any CPU
		{BAAB8A2A-8062-4A2C-A03E-BB13D9649B22}.Release|Any CPU.Build.0 = Release|Any CPU
	EndGlobalSection
	GlobalSection(SolutionProperties) = preSolution
		HideSolutionNode = FALSE
	EndGlobalSection
	GlobalSection(ExtensibilityGlobals) = postSolution
		SolutionGuid = {338F2D78-CD82-48B8-98D7-9693BC0D63D6}
	EndGlobalSection
EndGlobal
